
Microsoft Visual Studio Solution File, Format Version 12.00
Project("{FAE04EC0-301F-11D3-BF4B-00C04F79EFBC}") = "NetBookLog", "NetBookLog.csproj", "{E68C2CC9-288C-4348-A009-E585E257DF2D}"
EndProject
Global
	GlobalSection(SolutionConfigurationPlatforms) = preSolution
		Debug|Any CPU = Debug|Any CPU
		Release|Any CPU = Release|Any CPU
	EndGlobalSection
	GlobalSection(ProjectConfigurationPlatforms) = postSolution
		{E68C2CC9-288C-4348-A009-E585E257DF2D}.Debug|Any CPU.ActiveCfg = Debug|Any CPU
		{E68C2CC9-288C-4348-A009-E585E257DF2D}.Debug|Any CPU.Build.0 = Debug|Any CPU
		{E68C2CC9-288C-4348-A009-E585E257DF2D}.Release|Any CPU.ActiveCfg = Release|Any CPU
		{E68C2CC9-288C-4348-A009-E585E257DF2D}.Release|Any CPU.Build.0 = Release|Any CPU
	EndGlobalSection
EndGlobal
